{
  "object": {
    "pins": [
      {
        "package": "BDN",
        "repositoryURL": "https://github.com/craterdog-bali/swift-bali-document-notation",
        "state": {
          "branch": null,
          "revision": "6b5541660c8d94249e19dec672cda6f0fecc3d6c",
          "version": "2.0.7"
        }
      }
    ]
  },
  "version": 1
}
