{
  "object": {
    "pins": [
      {
        "package": "BDN",
        "repositoryURL": "https://github.com/craterdog-bali/swift-bali-document-notation",
        "state": {
          "branch": null,
          "revision": "20d04d009d306641e7f588860f3ab14998f016c2",
          "version": "2.0.9"
        }
      }
    ]
  },
  "version": 1
}
